
Microsoft Visual Studio Solution File, Format Version 12.00
# Visual Studio Version 17
VisualStudioVersion = 17.9.34728.123
MinimumVisualStudioVersion = 10.0.40219.1
Project("{FAE04EC0-301F-11D3-BF4B-00C04F79EFBC}") = "OhMySys", "OhMySys\OhMySys.csproj", "{52715A20-E0EB-4AAD-B832-8C3AA40C3320}"
EndProject
Global
	GlobalSection(SolutionConfigurationPlatforms) = preSolution
		Debug|Any CPU = Debug|Any CPU
		Release|Any CPU = Release|Any CPU
	EndGlobalSection
	GlobalSection(ProjectConfigurationPlatforms) = postSolution
		{52715A20-E0EB-4AAD-B832-8C3AA40C3320}.Debug|Any CPU.ActiveCfg = Debug|Any CPU
		{52715A20-E0EB-4AAD-B832-8C3AA40C3320}.Debug|Any CPU.Build.0 = Debug|Any CPU
		{52715A20-E0EB-4AAD-B832-8C3AA40C3320}.Release|Any CPU.ActiveCfg = Release|Any CPU
		{52715A20-E0EB-4AAD-B832-8C3AA40C3320}.Release|Any CPU.Build.0 = Release|Any CPU
	EndGlobalSection
	GlobalSection(SolutionProperties) = preSolution
		HideSolutionNode = FALSE
	EndGlobalSection
	GlobalSection(ExtensibilityGlobals) = postSolution
		SolutionGuid = {A08C93AB-BEAF-4F5D-BCE0-D41CD3E2F912}
	EndGlobalSection
EndGlobal
